{
  "name": "pkg-one",
  "lockfileVersion": 2,
  "requires": true,
  "packages": {
    "": {
      "name": "pkg-one",
      "dependencies": {
        "pkg-two": "file:../pkg-one"
      },
      "engines": {
        "node": "14"
      }
    },
    "../pkg-one": {
      "engines": {
        "node": "14"
      }
    },
    "node_modules/pkg-two": {
      "resolved": "../pkg-one",
      "link": true
    }
  },
  "dependencies": {
    "pkg-two": {
      "version": "file:../pkg-one"
    }
  }
}
